
Microsoft Visual Studio Solution File, Format Version 12.00
Project("{FAE04EC0-301F-11D3-BF4B-00C04F79EFBC}") = "LR1-ConsoleCalculator", "LR1-ConsoleCalculator\LR1-ConsoleCalculator.csproj", "{D319F6BC-B490-457C-B519-76406423DEBA}"
EndProject
Project("{FAE04EC0-301F-11D3-BF4B-00C04F79EFBC}") = "LR2", "LR2\LR2.csproj", "{C80AA6CB-B02A-4FD4-A45E-ED3E4F74CA8B}"
EndProject
Project("{FAE04EC0-301F-11D3-BF4B-00C04F79EFBC}") = "LR3", "LR3\LR3.csproj", "{D0518858-EE1F-4F09-9A58-D064ABF1E793}"
EndProject
Global
	GlobalSection(SolutionConfigurationPlatforms) = preSolution
		Debug|Any CPU = Debug|Any CPU
		Release|Any CPU = Release|Any CPU
	EndGlobalSection
	GlobalSection(ProjectConfigurationPlatforms) = postSolution
		{D319F6BC-B490-457C-B519-76406423DEBA}.Debug|Any CPU.ActiveCfg = Debug|Any CPU
		{D319F6BC-B490-457C-B519-76406423DEBA}.Debug|Any CPU.Build.0 = Debug|Any CPU
		{D319F6BC-B490-457C-B519-76406423DEBA}.Release|Any CPU.ActiveCfg = Release|Any CPU
		{D319F6BC-B490-457C-B519-76406423DEBA}.Release|Any CPU.Build.0 = Release|Any CPU
		{C80AA6CB-B02A-4FD4-A45E-ED3E4F74CA8B}.Debug|Any CPU.ActiveCfg = Debug|Any CPU
		{C80AA6CB-B02A-4FD4-A45E-ED3E4F74CA8B}.Debug|Any CPU.Build.0 = Debug|Any CPU
		{C80AA6CB-B02A-4FD4-A45E-ED3E4F74CA8B}.Release|Any CPU.ActiveCfg = Release|Any CPU
		{C80AA6CB-B02A-4FD4-A45E-ED3E4F74CA8B}.Release|Any CPU.Build.0 = Release|Any CPU
		{D0518858-EE1F-4F09-9A58-D064ABF1E793}.Debug|Any CPU.ActiveCfg = Debug|Any CPU
		{D0518858-EE1F-4F09-9A58-D064ABF1E793}.Debug|Any CPU.Build.0 = Debug|Any CPU
		{D0518858-EE1F-4F09-9A58-D064ABF1E793}.Release|Any CPU.ActiveCfg = Release|Any CPU
		{D0518858-EE1F-4F09-9A58-D064ABF1E793}.Release|Any CPU.Build.0 = Release|Any CPU
	EndGlobalSection
EndGlobal
