
Microsoft Visual Studio Solution File, Format Version 12.00
Project("{FAE04EC0-301F-11D3-BF4B-00C04F79EFBC}") = "LR1", "LR1\LR1.csproj", "{9759BB15-2DF1-492F-B7A2-0CABE533CCBB}"
EndProject
Project("{FAE04EC0-301F-11D3-BF4B-00C04F79EFBC}") = "LR2", "LR2\LR2.csproj", "{667543F2-B567-4188-8EC0-E1A9F79BDEAC}"
EndProject
Project("{FAE04EC0-301F-11D3-BF4B-00C04F79EFBC}") = "LR3", "LR3\LR3.csproj", "{CD392F0B-6E13-4637-B6BA-927E70C135FB}"
EndProject
Project("{FAE04EC0-301F-11D3-BF4B-00C04F79EFBC}") = "LR4", "LR4\LR4.csproj", "{0772ABD9-6F12-40B5-9D13-92380E7B3273}"
EndProject
Project("{FAE04EC0-301F-11D3-BF4B-00C04F79EFBC}") = "LR5", "LR5\LR5.csproj", "{CA5D1629-94FF-4F30-A96C-0F2990585A6E}"
EndProject
Project("{FAE04EC0-301F-11D3-BF4B-00C04F79EFBC}") = "LR6", "LR6\LR6.csproj", "{3D283DC5-EDF8-46FE-963A-9E70769F035C}"
EndProject
Project("{FAE04EC0-301F-11D3-BF4B-00C04F79EFBC}") = "LR7", "LR7\LR7.csproj", "{A3F712A5-BA86-47BE-A9B6-0FC8D507B3CC}"
EndProject
Project("{FAE04EC0-301F-11D3-BF4B-00C04F79EFBC}") = "LR8", "LR8\LR8.csproj", "{13A8C257-EBAA-497E-99FA-F2697B793C5F}"
EndProject
Project("{FAE04EC0-301F-11D3-BF4B-00C04F79EFBC}") = "LR9", "LR9\LR9.csproj", "{BA855FE9-DE6D-496E-B3CB-119014DA3828}"
EndProject
Project("{FAE04EC0-301F-11D3-BF4B-00C04F79EFBC}") = "Test", "Test\Test.csproj", "{A647E2F3-D4C2-4B81-8DC3-C9756107C2EB}"
EndProject
Project("{FAE04EC0-301F-11D3-BF4B-00C04F79EFBC}") = "LR10", "LR10\LR10.csproj", "{A5107238-2FCB-45AF-8D42-E92E590727D1}"
EndProject
Project("{FAE04EC0-301F-11D3-BF4B-00C04F79EFBC}") = "LR11", "LR11\LR11.csproj", "{A5F21F79-EA12-42AC-B3E8-A5F24180D1BC}"
EndProject
Project("{FAE04EC0-301F-11D3-BF4B-00C04F79EFBC}") = "LR12", "LR12\LR12.csproj", "{4DBCFB9A-D021-422F-A44D-FC771B3800DC}"
EndProject
Global
	GlobalSection(SolutionConfigurationPlatforms) = preSolution
		Debug|Any CPU = Debug|Any CPU
		Release|Any CPU = Release|Any CPU
	EndGlobalSection
	GlobalSection(ProjectConfigurationPlatforms) = postSolution
		{9759BB15-2DF1-492F-B7A2-0CABE533CCBB}.Debug|Any CPU.ActiveCfg = Debug|Any CPU
		{9759BB15-2DF1-492F-B7A2-0CABE533CCBB}.Debug|Any CPU.Build.0 = Debug|Any CPU
		{9759BB15-2DF1-492F-B7A2-0CABE533CCBB}.Release|Any CPU.ActiveCfg = Release|Any CPU
		{9759BB15-2DF1-492F-B7A2-0CABE533CCBB}.Release|Any CPU.Build.0 = Release|Any CPU
		{667543F2-B567-4188-8EC0-E1A9F79BDEAC}.Debug|Any CPU.ActiveCfg = Debug|Any CPU
		{667543F2-B567-4188-8EC0-E1A9F79BDEAC}.Debug|Any CPU.Build.0 = Debug|Any CPU
		{667543F2-B567-4188-8EC0-E1A9F79BDEAC}.Release|Any CPU.ActiveCfg = Release|Any CPU
		{667543F2-B567-4188-8EC0-E1A9F79BDEAC}.Release|Any CPU.Build.0 = Release|Any CPU
		{CD392F0B-6E13-4637-B6BA-927E70C135FB}.Debug|Any CPU.ActiveCfg = Debug|Any CPU
		{CD392F0B-6E13-4637-B6BA-927E70C135FB}.Debug|Any CPU.Build.0 = Debug|Any CPU
		{CD392F0B-6E13-4637-B6BA-927E70C135FB}.Release|Any CPU.ActiveCfg = Release|Any CPU
		{CD392F0B-6E13-4637-B6BA-927E70C135FB}.Release|Any CPU.Build.0 = Release|Any CPU
		{0772ABD9-6F12-40B5-9D13-92380E7B3273}.Debug|Any CPU.ActiveCfg = Debug|Any CPU
		{0772ABD9-6F12-40B5-9D13-92380E7B3273}.Debug|Any CPU.Build.0 = Debug|Any CPU
		{0772ABD9-6F12-40B5-9D13-92380E7B3273}.Release|Any CPU.ActiveCfg = Release|Any CPU
		{0772ABD9-6F12-40B5-9D13-92380E7B3273}.Release|Any CPU.Build.0 = Release|Any CPU
		{CA5D1629-94FF-4F30-A96C-0F2990585A6E}.Debug|Any CPU.ActiveCfg = Debug|Any CPU
		{CA5D1629-94FF-4F30-A96C-0F2990585A6E}.Debug|Any CPU.Build.0 = Debug|Any CPU
		{CA5D1629-94FF-4F30-A96C-0F2990585A6E}.Release|Any CPU.ActiveCfg = Release|Any CPU
		{CA5D1629-94FF-4F30-A96C-0F2990585A6E}.Release|Any CPU.Build.0 = Release|Any CPU
		{3D283DC5-EDF8-46FE-963A-9E70769F035C}.Debug|Any CPU.ActiveCfg = Debug|Any CPU
		{3D283DC5-EDF8-46FE-963A-9E70769F035C}.Debug|Any CPU.Build.0 = Debug|Any CPU
		{3D283DC5-EDF8-46FE-963A-9E70769F035C}.Release|Any CPU.ActiveCfg = Release|Any CPU
		{3D283DC5-EDF8-46FE-963A-9E70769F035C}.Release|Any CPU.Build.0 = Release|Any CPU
		{A3F712A5-BA86-47BE-A9B6-0FC8D507B3CC}.Debug|Any CPU.ActiveCfg = Debug|Any CPU
		{A3F712A5-BA86-47BE-A9B6-0FC8D507B3CC}.Debug|Any CPU.Build.0 = Debug|Any CPU
		{A3F712A5-BA86-47BE-A9B6-0FC8D507B3CC}.Release|Any CPU.ActiveCfg = Release|Any CPU
		{A3F712A5-BA86-47BE-A9B6-0FC8D507B3CC}.Release|Any CPU.Build.0 = Release|Any CPU
		{13A8C257-EBAA-497E-99FA-F2697B793C5F}.Debug|Any CPU.ActiveCfg = Debug|Any CPU
		{13A8C257-EBAA-497E-99FA-F2697B793C5F}.Debug|Any CPU.Build.0 = Debug|Any CPU
		{13A8C257-EBAA-497E-99FA-F2697B793C5F}.Release|Any CPU.ActiveCfg = Release|Any CPU
		{13A8C257-EBAA-497E-99FA-F2697B793C5F}.Release|Any CPU.Build.0 = Release|Any CPU
		{BA855FE9-DE6D-496E-B3CB-119014DA3828}.Debug|Any CPU.ActiveCfg = Debug|Any CPU
		{BA855FE9-DE6D-496E-B3CB-119014DA3828}.Debug|Any CPU.Build.0 = Debug|Any CPU
		{BA855FE9-DE6D-496E-B3CB-119014DA3828}.Release|Any CPU.ActiveCfg = Release|Any CPU
		{BA855FE9-DE6D-496E-B3CB-119014DA3828}.Release|Any CPU.Build.0 = Release|Any CPU
		{A647E2F3-D4C2-4B81-8DC3-C9756107C2EB}.Debug|Any CPU.ActiveCfg = Debug|Any CPU
		{A647E2F3-D4C2-4B81-8DC3-C9756107C2EB}.Debug|Any CPU.Build.0 = Debug|Any CPU
		{A647E2F3-D4C2-4B81-8DC3-C9756107C2EB}.Release|Any CPU.ActiveCfg = Release|Any CPU
		{A647E2F3-D4C2-4B81-8DC3-C9756107C2EB}.Release|Any CPU.Build.0 = Release|Any CPU
		{A5107238-2FCB-45AF-8D42-E92E590727D1}.Debug|Any CPU.ActiveCfg = Debug|Any CPU
		{A5107238-2FCB-45AF-8D42-E92E590727D1}.Debug|Any CPU.Build.0 = Debug|Any CPU
		{A5107238-2FCB-45AF-8D42-E92E590727D1}.Release|Any CPU.ActiveCfg = Release|Any CPU
		{A5107238-2FCB-45AF-8D42-E92E590727D1}.Release|Any CPU.Build.0 = Release|Any CPU
		{A5F21F79-EA12-42AC-B3E8-A5F24180D1BC}.Debug|Any CPU.ActiveCfg = Debug|Any CPU
		{A5F21F79-EA12-42AC-B3E8-A5F24180D1BC}.Debug|Any CPU.Build.0 = Debug|Any CPU
		{A5F21F79-EA12-42AC-B3E8-A5F24180D1BC}.Release|Any CPU.ActiveCfg = Release|Any CPU
		{A5F21F79-EA12-42AC-B3E8-A5F24180D1BC}.Release|Any CPU.Build.0 = Release|Any CPU
		{4DBCFB9A-D021-422F-A44D-FC771B3800DC}.Debug|Any CPU.ActiveCfg = Debug|Any CPU
		{4DBCFB9A-D021-422F-A44D-FC771B3800DC}.Debug|Any CPU.Build.0 = Debug|Any CPU
		{4DBCFB9A-D021-422F-A44D-FC771B3800DC}.Release|Any CPU.ActiveCfg = Release|Any CPU
		{4DBCFB9A-D021-422F-A44D-FC771B3800DC}.Release|Any CPU.Build.0 = Release|Any CPU
	EndGlobalSection
EndGlobal
